// !$*UTF8*$!
{
	archiveVersion = 1;
	classes = {
	};
	objectVersion = 46;
	objects = {

/* Begin PBXBuildFile section */
		0E00304E1E0080D700F65678 /* CellNewsDetail.swift in Sources */ = {isa = PBXBuildFile; fileRef = 0E00304D1E0080D700F65678 /* CellNewsDetail.swift */; };
		0E18025B1DEA085800EC0C50 /* Home.swift in Sources */ = {isa = PBXBuildFile; fileRef = 0E18025A1DEA085800EC0C50 /* Home.swift */; };
		0E18025E1DEA0E7700EC0C50 /* SliderImage.png in Resources */ = {isa = PBXBuildFile; fileRef = 0E18025D1DEA0E7700EC0C50 /* SliderImage.png */; };
		0E1802601DEA12FF00EC0C50 /* news_stripe_img.png in Resources */ = {isa = PBXBuildFile; fileRef = 0E18025F1DEA12FF00EC0C50 /* news_stripe_img.png */; };
		0E1AFD8E1DE6216E00F13606 /* SuperViewController.swift in Sources */ = {isa = PBXBuildFile; fileRef = 0E1AFD8D1DE6216E00F13606 /* SuperViewController.swift */; };
		0E1AFD901DE62C8A00F13606 /* SignUp.swift in Sources */ = {isa = PBXBuildFile; fileRef = 0E1AFD8F1DE62C8A00F13606 /* SignUp.swift */; };
		0E1AFD921DE6474000F13606 /* CellSignUp.swift in Sources */ = {isa = PBXBuildFile; fileRef = 0E1AFD911DE6474000F13606 /* CellSignUp.swift */; };
		0E28119B1DFDE0D400E906E8 /* UserHandler.swift in Sources */ = {isa = PBXBuildFile; fileRef = 0E2811981DFDE0D400E906E8 /* UserHandler.swift */; };
		0E28119C1DFDE0D400E906E8 /* WebServiceHandler.swift in Sources */ = {isa = PBXBuildFile; fileRef = 0E2811991DFDE0D400E906E8 /* WebServiceHandler.swift */; };
		0E2811C91DFDE11800E906E8 /* AFAutoPurgingImageCache.m in Sources */ = {isa = PBXBuildFile; fileRef = 0E2811A01DFDE11700E906E8 /* AFAutoPurgingImageCache.m */; };
		0E2811CA1DFDE11800E906E8 /* AFHTTPRequestOperation.m in Sources */ = {isa = PBXBuildFile; fileRef = 0E2811A21DFDE11700E906E8 /* AFHTTPRequestOperation.m */; };
		0E2811CB1DFDE11800E906E8 /* AFHTTPRequestOperationManager.m in Sources */ = {isa = PBXBuildFile; fileRef = 0E2811A41DFDE11700E906E8 /* AFHTTPRequestOperationManager.m */; };
		0E2811CC1DFDE11800E906E8 /* AFHTTPSessionManager.m in Sources */ = {isa = PBXBuildFile; fileRef = 0E2811A61DFDE11700E906E8 /* AFHTTPSessionManager.m */; };
		0E2811CD1DFDE11800E906E8 /* AFImageDownloader.m in Sources */ = {isa = PBXBuildFile; fileRef = 0E2811A81DFDE11700E906E8 /* AFImageDownloader.m */; };
		0E2811CE1DFDE11800E906E8 /* AFNetworkActivityIndicatorManager.m in Sources */ = {isa = PBXBuildFile; fileRef = 0E2811AA1DFDE11700E906E8 /* AFNetworkActivityIndicatorManager.m */; };
		0E2811CF1DFDE11800E906E8 /* AFNetworkReachabilityManager.m in Sources */ = {isa = PBXBuildFile; fileRef = 0E2811AD1DFDE11700E906E8 /* AFNetworkReachabilityManager.m */; };
		0E2811D01DFDE11800E906E8 /* AFSecurityPolicy.m in Sources */ = {isa = PBXBuildFile; fileRef = 0E2811AF1DFDE11700E906E8 /* AFSecurityPolicy.m */; };
		0E2811D11DFDE11800E906E8 /* AFURLConnectionOperation.m in Sources */ = {isa = PBXBuildFile; fileRef = 0E2811B11DFDE11700E906E8 /* AFURLConnectionOperation.m */; };
		0E2811D21DFDE11800E906E8 /* AFURLRequestSerialization.m in Sources */ = {isa = PBXBuildFile; fileRef = 0E2811B31DFDE11700E906E8 /* AFURLRequestSerialization.m */; };
		0E2811D31DFDE11800E906E8 /* AFURLResponseSerialization.m in Sources */ = {isa = PBXBuildFile; fileRef = 0E2811B51DFDE11700E906E8 /* AFURLResponseSerialization.m */; };
		0E2811D41DFDE11800E906E8 /* AFURLSessionManager.m in Sources */ = {isa = PBXBuildFile; fileRef = 0E2811B71DFDE11700E906E8 /* AFURLSessionManager.m */; };
		0E2811D51DFDE11800E906E8 /* UIActivityIndicatorView+AFNetworking.m in Sources */ = {isa = PBXBuildFile; fileRef = 0E2811B91DFDE11700E906E8 /* UIActivityIndicatorView+AFNetworking.m */; };
		0E2811D61DFDE11800E906E8 /* UIButton+AFNetworking.m in Sources */ = {isa = PBXBuildFile; fileRef = 0E2811BB1DFDE11800E906E8 /* UIButton+AFNetworking.m */; };
		0E2811D71DFDE11800E906E8 /* UIImageView+AFNetworking.m in Sources */ = {isa = PBXBuildFile; fileRef = 0E2811BE1DFDE11800E906E8 /* UIImageView+AFNetworking.m */; };
		0E2811D81DFDE11800E906E8 /* UIProgressView+AFNetworking.m in Sources */ = {isa = PBXBuildFile; fileRef = 0E2811C11DFDE11800E906E8 /* UIProgressView+AFNetworking.m */; };
		0E2811D91DFDE11800E906E8 /* UIRefreshControl+AFNetworking.m in Sources */ = {isa = PBXBuildFile; fileRef = 0E2811C31DFDE11800E906E8 /* UIRefreshControl+AFNetworking.m */; };
		0E2811DA1DFDE11800E906E8 /* UIWebView+AFNetworking.m in Sources */ = {isa = PBXBuildFile; fileRef = 0E2811C51DFDE11800E906E8 /* UIWebView+AFNetworking.m */; };
		0E2811DB1DFDE11800E906E8 /* MBProgressHUD.m in Sources */ = {isa = PBXBuildFile; fileRef = 0E2811C81DFDE11800E906E8 /* MBProgressHUD.m */; };
		0E62AD591DF3F5F000E94143 /* Localizable.strings in Resources */ = {isa = PBXBuildFile; fileRef = 0E62AD5B1DF3F5F000E94143 /* Localizable.strings */; };
		0E6CBCF11DF1EEB8006B1C2D /* CollectionHeaderView.swift in Sources */ = {isa = PBXBuildFile; fileRef = 0E6CBCF01DF1EEB8006B1C2D /* CollectionHeaderView.swift */; };
		0E6CBF0F1DEF5F3200826EA4 /* CollectionViewCustom.xib in Resources */ = {isa = PBXBuildFile; fileRef = 0E6CBF0E1DEF5F3200826EA4 /* CollectionViewCustom.xib */; };
		0E6CBF111DEF5F7D00826EA4 /* CellCollectionViewCustom.xib in Resources */ = {isa = PBXBuildFile; fileRef = 0E6CBF101DEF5F7D00826EA4 /* CellCollectionViewCustom.xib */; };
		0E6CBF131DEF611D00826EA4 /* CellCollectionViewCustom.swift in Sources */ = {isa = PBXBuildFile; fileRef = 0E6CBF121DEF611D00826EA4 /* CellCollectionViewCustom.swift */; };
		0E6CBF151DEF617F00826EA4 /* CollectionViewCustom.swift in Sources */ = {isa = PBXBuildFile; fileRef = 0E6CBF141DEF617F00826EA4 /* CollectionViewCustom.swift */; };
		0E6CBF181DEF712800826EA4 /* SliderMenu.swift in Sources */ = {isa = PBXBuildFile; fileRef = 0E6CBF161DEF712800826EA4 /* SliderMenu.swift */; };
		0E6CBF191DEF712800826EA4 /* SliderMenu.xib in Resources */ = {isa = PBXBuildFile; fileRef = 0E6CBF171DEF712800826EA4 /* SliderMenu.xib */; };
		0E70172F1DE4D09D001636CF /* AppDelegate.swift in Sources */ = {isa = PBXBuildFile; fileRef = 0E70172E1DE4D09D001636CF /* AppDelegate.swift */; };
		0E7017311DE4D09D001636CF /* LandingPage.swift in Sources */ = {isa = PBXBuildFile; fileRef = 0E7017301DE4D09D001636CF /* LandingPage.swift */; };
		0E7017341DE4D09D001636CF /* Main.storyboard in Resources */ = {isa = PBXBuildFile; fileRef = 0E7017321DE4D09D001636CF /* Main.storyboard */; };
		0E7017361DE4D09D001636CF /* Assets.xcassets in Resources */ = {isa = PBXBuildFile; fileRef = 0E7017351DE4D09D001636CF /* Assets.xcassets */; };
		0E7017391DE4D09D001636CF /* LaunchScreen.storyboard in Resources */ = {isa = PBXBuildFile; fileRef = 0E7017371DE4D09D001636CF /* LaunchScreen.storyboard */; };
		0E7017441DE4D09D001636CF /* DawriyahTests.swift in Sources */ = {isa = PBXBuildFile; fileRef = 0E7017431DE4D09D001636CF /* DawriyahTests.swift */; };
		0E70174F1DE4D09D001636CF /* DawriyahUITests.swift in Sources */ = {isa = PBXBuildFile; fileRef = 0E70174E1DE4D09D001636CF /* DawriyahUITests.swift */; };
		0E70175D1DE4DD8D001636CF /* Login.swift in Sources */ = {isa = PBXBuildFile; fileRef = 0E70175C1DE4DD8D001636CF /* Login.swift */; };
		0E7885F31DF895D600DB1848 /* AppUtils.swift in Sources */ = {isa = PBXBuildFile; fileRef = 0E7885F11DF895D600DB1848 /* AppUtils.swift */; };
		0E7885F41DF895D600DB1848 /* Constants.swift in Sources */ = {isa = PBXBuildFile; fileRef = 0E7885F21DF895D600DB1848 /* Constants.swift */; };
		0E7885F61DF896D400DB1848 /* Notes in Resources */ = {isa = PBXBuildFile; fileRef = 0E7885F51DF896D400DB1848 /* Notes */; };
		0E7957AB1DF0A0A300E929B9 /* CellHome.swift in Sources */ = {isa = PBXBuildFile; fileRef = 0E7957AA1DF0A0A300E929B9 /* CellHome.swift */; };
		0E7957B51DF0A26800E929B9 /* image1.png in Resources */ = {isa = PBXBuildFile; fileRef = 0E7957AD1DF0A26800E929B9 /* image1.png */; };
		0E7957B61DF0A26800E929B9 /* image2.png in Resources */ = {isa = PBXBuildFile; fileRef = 0E7957AE1DF0A26800E929B9 /* image2.png */; };
		0E7957B71DF0A26800E929B9 /* image3.png in Resources */ = {isa = PBXBuildFile; fileRef = 0E7957AF1DF0A26800E929B9 /* image3.png */; };
		0E7957B81DF0A26800E929B9 /* image4.png in Resources */ = {isa = PBXBuildFile; fileRef = 0E7957B01DF0A26800E929B9 /* image4.png */; };
		0E7957B91DF0A26800E929B9 /* image5.png in Resources */ = {isa = PBXBuildFile; fileRef = 0E7957B11DF0A26800E929B9 /* image5.png */; };
		0E7957BA1DF0A26800E929B9 /* image6.png in Resources */ = {isa = PBXBuildFile; fileRef = 0E7957B21DF0A26800E929B9 /* image6.png */; };
		0E7957BB1DF0A26800E929B9 /* image7.png in Resources */ = {isa = PBXBuildFile; fileRef = 0E7957B31DF0A26800E929B9 /* image7.png */; };
		0E7957BC1DF0A26800E929B9 /* image8.png in Resources */ = {isa = PBXBuildFile; fileRef = 0E7957B41DF0A26800E929B9 /* image8.png */; };
		0E7957BE1DF0BA3400E929B9 /* CellInfo.swift in Sources */ = {isa = PBXBuildFile; fileRef = 0E7957BD1DF0BA3400E929B9 /* CellInfo.swift */; };
		C7153CAA1DEE79E2004F0CCE /* FBTwitterPost.swift in Sources */ = {isa = PBXBuildFile; fileRef = C7153CA91DEE79E2004F0CCE /* FBTwitterPost.swift */; };
		C7153CAC1DEE7DEA004F0CCE /* FBTwitterPostCell.swift in Sources */ = {isa = PBXBuildFile; fileRef = C7153CAB1DEE7DEA004F0CCE /* FBTwitterPostCell.swift */; };
		C7153CAE1DEE7E98004F0CCE /* social_stripe_avatar@3x.png in Resources */ = {isa = PBXBuildFile; fileRef = C7153CAD1DEE7E98004F0CCE /* social_stripe_avatar@3x.png */; };
		C7153CB01DEE7E9D004F0CCE /* social_user_avatar@3x.png in Resources */ = {isa = PBXBuildFile; fileRef = C7153CAF1DEE7E9D004F0CCE /* social_user_avatar@3x.png */; };
		C747B4C21DF876D200BE0955 /* OfficialMagazineListing.swift in Sources */ = {isa = PBXBuildFile; fileRef = C747B4C11DF876D200BE0955 /* OfficialMagazineListing.swift */; };
		C747B4C41DF878B500BE0955 /* OfficialMagazineCell.swift in Sources */ = {isa = PBXBuildFile; fileRef = C747B4C31DF878B500BE0955 /* OfficialMagazineCell.swift */; };
		C747B4C61DF886C200BE0955 /* rating_star_4.png in Resources */ = {isa = PBXBuildFile; fileRef = C747B4C51DF886C200BE0955 /* rating_star_4.png */; };
		C747B4C81DF886F900BE0955 /* magazine_img.png in Resources */ = {isa = PBXBuildFile; fileRef = C747B4C71DF886F900BE0955 /* magazine_img.png */; };
		C798C20F1DE990CB00C3799C /* NewsListing.swift in Sources */ = {isa = PBXBuildFile; fileRef = C798C20E1DE990CB00C3799C /* NewsListing.swift */; };
		C798C2111DE994B200C3799C /* CellNewsListing.swift in Sources */ = {isa = PBXBuildFile; fileRef = C798C2101DE994B200C3799C /* CellNewsListing.swift */; };
		C79EFAFA1DED2BFB00224FF4 /* GalleryView.swift in Sources */ = {isa = PBXBuildFile; fileRef = C79EFAF91DED2BFB00224FF4 /* GalleryView.swift */; };
		C79EFAFC1DED2CED00224FF4 /* GalleryViewCell.swift in Sources */ = {isa = PBXBuildFile; fileRef = C79EFAFB1DED2CED00224FF4 /* GalleryViewCell.swift */; };
		C79EFAFE1DED31DA00224FF4 /* presskit_img@3x.png in Resources */ = {isa = PBXBuildFile; fileRef = C79EFAFD1DED31DA00224FF4 /* presskit_img@3x.png */; };
		C7ADD6C71DF11A9700F1208A /* FBTWProfile.swift in Sources */ = {isa = PBXBuildFile; fileRef = C7ADD6C61DF11A9700F1208A /* FBTWProfile.swift */; };
		C7ADD6C91DF1223C00F1208A /* CellComments.swift in Sources */ = {isa = PBXBuildFile; fileRef = C7ADD6C81DF1223C00F1208A /* CellComments.swift */; };
		C7C9294A1DEB19DC00637F01 /* NewsCollectionViewCell.swift in Sources */ = {isa = PBXBuildFile; fileRef = C7C929491DEB19DC00637F01 /* NewsCollectionViewCell.swift */; };
		C7C9294C1DEB5A8300637F01 /* NewsDetail.swift in Sources */ = {isa = PBXBuildFile; fileRef = C7C9294B1DEB5A8300637F01 /* NewsDetail.swift */; };
		C7D8C24B1DFC5FCB004C0A4B /* NewspaperCell.swift in Sources */ = {isa = PBXBuildFile; fileRef = C7D8C24A1DFC5FCB004C0A4B /* NewspaperCell.swift */; };
		C7D8C24D1DFC6051004C0A4B /* NewspaperList.swift in Sources */ = {isa = PBXBuildFile; fileRef = C7D8C24C1DFC6051004C0A4B /* NewspaperList.swift */; };
/* End PBXBuildFile section */

/* Begin PBXContainerItemProxy section */
		0E7017401DE4D09D001636CF /* PBXContainerItemProxy */ = {
			isa = PBXContainerItemProxy;
			containerPortal = 0E7017231DE4D09C001636CF /* Project object */;
			proxyType = 1;
			remoteGlobalIDString = 0E70172A1DE4D09C001636CF;
			remoteInfo = Dawriyah;
		};
		0E70174B1DE4D09D001636CF /* PBXContainerItemProxy */ = {
			isa = PBXContainerItemProxy;
			containerPortal = 0E7017231DE4D09C001636CF /* Project object */;
			proxyType = 1;
			remoteGlobalIDString = 0E70172A1DE4D09C001636CF;
			remoteInfo = Dawriyah;
		};
/* End PBXContainerItemProxy section */

/* Begin PBXFileReference section */
		0E00304D1E0080D700F65678 /* CellNewsDetail.swift */ = {isa = PBXFileReference; fileEncoding = 4; lastKnownFileType = sourcecode.swift; path = CellNewsDetail.swift; sourceTree = "<group>"; };
		0E18025A1DEA085800EC0C50 /* Home.swift */ = {isa = PBXFileReference; fileEncoding = 4; lastKnownFileType = sourcecode.swift; path = Home.swift; sourceTree = "<group>"; };
		0E18025D1DEA0E7700EC0C50 /* SliderImage.png */ = {isa = PBXFileReference; lastKnownFileType = image.png; path = SliderImage.png; sourceTree = "<group>"; };
		0E18025F1DEA12FF00EC0C50 /* news_stripe_img.png */ = {isa = PBXFileReference; lastKnownFileType = image.png; path = news_stripe_img.png; sourceTree = "<group>"; };
		0E1802611DEA202900EC0C50 /* ar */ = {isa = PBXFileReference; lastKnownFileType = text.plist.strings; name = ar; path = ar.lproj/Main.strings; sourceTree = "<group>"; };
		0E1802621DEA202900EC0C50 /* ar */ = {isa = PBXFileReference; lastKnownFileType = text.plist.strings; name = ar; path = ar.lproj/LaunchScreen.strings; sourceTree = "<group>"; };
		0E1AFD8D1DE6216E00F13606 /* SuperViewController.swift */ = {isa = PBXFileReference; fileEncoding = 4; lastKnownFileType = sourcecode.swift; path = SuperViewController.swift; sourceTree = "<group>"; };
		0E1AFD8F1DE62C8A00F13606 /* SignUp.swift */ = {isa = PBXFileReference; fileEncoding = 4; lastKnownFileType = sourcecode.swift; path = SignUp.swift; sourceTree = "<group>"; };
		0E1AFD911DE6474000F13606 /* CellSignUp.swift */ = {isa = PBXFileReference; fileEncoding = 4; lastKnownFileType = sourcecode.swift; path = CellSignUp.swift; sourceTree = "<group>"; };
		0E2811981DFDE0D400E906E8 /* UserHandler.swift */ = {isa = PBXFileReference; fileEncoding = 4; lastKnownFileType = sourcecode.swift; path = UserHandler.swift; sourceTree = "<group>"; };
		0E2811991DFDE0D400E906E8 /* WebServiceHandler.swift */ = {isa = PBXFileReference; fileEncoding = 4; lastKnownFileType = sourcecode.swift; path = WebServiceHandler.swift; sourceTree = "<group>"; };
		0E28119F1DFDE11700E906E8 /* AFAutoPurgingImageCache.h */ = {isa = PBXFileReference; fileEncoding = 4; lastKnownFileType = sourcecode.c.h; path = AFAutoPurgingImageCache.h; sourceTree = "<group>"; };
		0E2811A01DFDE11700E906E8 /* AFAutoPurgingImageCache.m */ = {isa = PBXFileReference; fileEncoding = 4; lastKnownFileType = sourcecode.c.objc; path = AFAutoPurgingImageCache.m; sourceTree = "<group>"; };
		0E2811A11DFDE11700E906E8 /* AFHTTPRequestOperation.h */ = {isa = PBXFileReference; fileEncoding = 4; lastKnownFileType = sourcecode.c.h; path = AFHTTPRequestOperation.h; sourceTree = "<group>"; };
		0E2811A21DFDE11700E906E8 /* AFHTTPRequestOperation.m */ = {isa = PBXFileReference; fileEncoding = 4; lastKnownFileType = sourcecode.c.objc; path = AFHTTPRequestOperation.m; sourceTree = "<group>"; };
		0E2811A31DFDE11700E906E8 /* AFHTTPRequestOperationManager.h */ = {isa = PBXFileReference; fileEncoding = 4; lastKnownFileType = sourcecode.c.h; path = AFHTTPRequestOperationManager.h; sourceTree = "<group>"; };
		0E2811A41DFDE11700E906E8 /* AFHTTPRequestOperationManager.m */ = {isa = PBXFileReference; fileEncoding = 4; lastKnownFileType = sourcecode.c.objc; path = AFHTTPRequestOperationManager.m; sourceTree = "<group>"; };
		0E2811A51DFDE11700E906E8 /* AFHTTPSessionManager.h */ = {isa = PBXFileReference; fileEncoding = 4; lastKnownFileType = sourcecode.c.h; path = AFHTTPSessionManager.h; sourceTree = "<group>"; };
		0E2811A61DFDE11700E906E8 /* AFHTTPSessionManager.m */ = {isa = PBXFileReference; fileEncoding = 4; lastKnownFileType = sourcecode.c.objc; path = AFHTTPSessionManager.m; sourceTree = "<group>"; };
		0E2811A71DFDE11700E906E8 /* AFImageDownloader.h */ = {isa = PBXFileReference; fileEncoding = 4; lastKnownFileType = sourcecode.c.h; path = AFImageDownloader.h; sourceTree = "<group>"; };
		0E2811A81DFDE11700E906E8 /* AFImageDownloader.m */ = {isa = PBXFileReference; fileEncoding = 4; lastKnownFileType = sourcecode.c.objc; path = AFImageDownloader.m; sourceTree = "<group>"; };
		0E2811A91DFDE11700E906E8 /* AFNetworkActivityIndicatorManager.h */ = {isa = PBXFileReference; fileEncoding = 4; lastKnownFileType = sourcecode.c.h; path = AFNetworkActivityIndicatorManager.h; sourceTree = "<group>"; };
		0E2811AA1DFDE11700E906E8 /* AFNetworkActivityIndicatorManager.m */ = {isa = PBXFileReference; fileEncoding = 4; lastKnownFileType = sourcecode.c.objc; path = AFNetworkActivityIndicatorManager.m; sourceTree = "<group>"; };
		0E2811AB1DFDE11700E906E8 /* AFNetworking.h */ = {isa = PBXFileReference; fileEncoding = 4; lastKnownFileType = sourcecode.c.h; path = AFNetworking.h; sourceTree = "<group>"; };
		0E2811AC1DFDE11700E906E8 /* AFNetworkReachabilityManager.h */ = {isa = PBXFileReference; fileEncoding = 4; lastKnownFileType = sourcecode.c.h; path = AFNetworkReachabilityManager.h; sourceTree = "<group>"; };
		0E2811AD1DFDE11700E906E8 /* AFNetworkReachabilityManager.m */ = {isa = PBXFileReference; fileEncoding = 4; lastKnownFileType = sourcecode.c.objc; path = AFNetworkReachabilityManager.m; sourceTree = "<group>"; };
		0E2811AE1DFDE11700E906E8 /* AFSecurityPolicy.h */ = {isa = PBXFileReference; fileEncoding = 4; lastKnownFileType = sourcecode.c.h; path = AFSecurityPolicy.h; sourceTree = "<group>"; };
		0E2811AF1DFDE11700E906E8 /* AFSecurityPolicy.m */ = {isa = PBXFileReference; fileEncoding = 4; lastKnownFileType = sourcecode.c.objc; path = AFSecurityPolicy.m; sourceTree = "<group>"; };
		0E2811B01DFDE11700E906E8 /* AFURLConnectionOperation.h */ = {isa = PBXFileReference; fileEncoding = 4; lastKnownFileType = sourcecode.c.h; path = AFURLConnectionOperation.h; sourceTree = "<group>"; };
		0E2811B11DFDE11700E906E8 /* AFURLConnectionOperation.m */ = {isa = PBXFileReference; fileEncoding = 4; lastKnownFileType = sourcecode.c.objc; path = AFURLConnectionOperation.m; sourceTree = "<group>"; };
		0E2811B21DFDE11700E906E8 /* AFURLRequestSerialization.h */ = {isa = PBXFileReference; fileEncoding = 4; lastKnownFileType = sourcecode.c.h; path = AFURLRequestSerialization.h; sourceTree = "<group>"; };
		0E2811B31DFDE11700E906E8 /* AFURLRequestSerialization.m */ = {isa = PBXFileReference; fileEncoding = 4; lastKnownFileType = sourcecode.c.objc; path = AFURLRequestSerialization.m; sourceTree = "<group>"; };
		0E2811B41DFDE11700E906E8 /* AFURLResponseSerialization.h */ = {isa = PBXFileReference; fileEncoding = 4; lastKnownFileType = sourcecode.c.h; path = AFURLResponseSerialization.h; sourceTree = "<group>"; };
		0E2811B51DFDE11700E906E8 /* AFURLResponseSerialization.m */ = {isa = PBXFileReference; fileEncoding = 4; lastKnownFileType = sourcecode.c.objc; path = AFURLResponseSerialization.m; sourceTree = "<group>"; };
		0E2811B61DFDE11700E906E8 /* AFURLSessionManager.h */ = {isa = PBXFileReference; fileEncoding = 4; lastKnownFileType = sourcecode.c.h; path = AFURLSessionManager.h; sourceTree = "<group>"; };
		0E2811B71DFDE11700E906E8 /* AFURLSessionManager.m */ = {isa = PBXFileReference; fileEncoding = 4; lastKnownFileType = sourcecode.c.objc; path = AFURLSessionManager.m; sourceTree = "<group>"; };
		0E2811B81DFDE11700E906E8 /* UIActivityIndicatorView+AFNetworking.h */ = {isa = PBXFileReference; fileEncoding = 4; lastKnownFileType = sourcecode.c.h; path = "UIActivityIndicatorView+AFNetworking.h"; sourceTree = "<group>"; };
		0E2811B91DFDE11700E906E8 /* UIActivityIndicatorView+AFNetworking.m */ = {isa = PBXFileReference; fileEncoding = 4; lastKnownFileType = sourcecode.c.objc; path = "UIActivityIndicatorView+AFNetworking.m"; sourceTree = "<group>"; };
		0E2811BA1DFDE11800E906E8 /* UIButton+AFNetworking.h */ = {isa = PBXFileReference; fileEncoding = 4; lastKnownFileType = sourcecode.c.h; path = "UIButton+AFNetworking.h"; sourceTree = "<group>"; };
		0E2811BB1DFDE11800E906E8 /* UIButton+AFNetworking.m */ = {isa = PBXFileReference; fileEncoding = 4; lastKnownFileType = sourcecode.c.objc; path = "UIButton+AFNetworking.m"; sourceTree = "<group>"; };
		0E2811BC1DFDE11800E906E8 /* UIImage+AFNetworking.h */ = {isa = PBXFileReference; fileEncoding = 4; lastKnownFileType = sourcecode.c.h; path = "UIImage+AFNetworking.h"; sourceTree = "<group>"; };
		0E2811BD1DFDE11800E906E8 /* UIImageView+AFNetworking.h */ = {isa = PBXFileReference; fileEncoding = 4; lastKnownFileType = sourcecode.c.h; path = "UIImageView+AFNetworking.h"; sourceTree = "<group>"; };
		0E2811BE1DFDE11800E906E8 /* UIImageView+AFNetworking.m */ = {isa = PBXFileReference; fileEncoding = 4; lastKnownFileType = sourcecode.c.objc; path = "UIImageView+AFNetworking.m"; sourceTree = "<group>"; };
		0E2811BF1DFDE11800E906E8 /* UIKit+AFNetworking.h */ = {isa = PBXFileReference; fileEncoding = 4; lastKnownFileType = sourcecode.c.h; path = "UIKit+AFNetworking.h"; sourceTree = "<group>"; };
		0E2811C01DFDE11800E906E8 /* UIProgressView+AFNetworking.h */ = {isa = PBXFileReference; fileEncoding = 4; lastKnownFileType = sourcecode.c.h; path = "UIProgressView+AFNetworking.h"; sourceTree = "<group>"; };
		0E2811C11DFDE11800E906E8 /* UIProgressView+AFNetworking.m */ = {isa = PBXFileReference; fileEncoding = 4; lastKnownFileType = sourcecode.c.objc; path = "UIProgressView+AFNetworking.m"; sourceTree = "<group>"; };
		0E2811C21DFDE11800E906E8 /* UIRefreshControl+AFNetworking.h */ = {isa = PBXFileReference; fileEncoding = 4; lastKnownFileType = sourcecode.c.h; path = "UIRefreshControl+AFNetworking.h"; sourceTree = "<group>"; };
		0E2811C31DFDE11800E906E8 /* UIRefreshControl+AFNetworking.m */ = {isa = PBXFileReference; fileEncoding = 4; lastKnownFileType = sourcecode.c.objc; path = "UIRefreshControl+AFNetworking.m"; sourceTree = "<group>"; };
		0E2811C41DFDE11800E906E8 /* UIWebView+AFNetworking.h */ = {isa = PBXFileReference; fileEncoding = 4; lastKnownFileType = sourcecode.c.h; path = "UIWebView+AFNetworking.h"; sourceTree = "<group>"; };
		0E2811C51DFDE11800E906E8 /* UIWebView+AFNetworking.m */ = {isa = PBXFileReference; fileEncoding = 4; lastKnownFileType = sourcecode.c.objc; path = "UIWebView+AFNetworking.m"; sourceTree = "<group>"; };
		0E2811C71DFDE11800E906E8 /* MBProgressHUD.h */ = {isa = PBXFileReference; fileEncoding = 4; lastKnownFileType = sourcecode.c.h; path = MBProgressHUD.h; sourceTree = "<group>"; };
		0E2811C81DFDE11800E906E8 /* MBProgressHUD.m */ = {isa = PBXFileReference; fileEncoding = 4; lastKnownFileType = sourcecode.c.objc; path = MBProgressHUD.m; sourceTree = "<group>"; };
		0E2811DC1DFDE18000E906E8 /* Dawriyah-Bridging-Header.h */ = {isa = PBXFileReference; lastKnownFileType = sourcecode.c.h; path = "Dawriyah-Bridging-Header.h"; sourceTree = "<group>"; };
		0E62AD5A1DF3F5F000E94143 /* en */ = {isa = PBXFileReference; lastKnownFileType = text.plist.strings; name = en; path = en.lproj/Localizable.strings; sourceTree = "<group>"; };
		0E62AD5C1DF3F5F800E94143 /* ar */ = {isa = PBXFileReference; lastKnownFileType = text.plist.strings; name = ar; path = ar.lproj/Localizable.strings; sourceTree = "<group>"; };
		0E6CBCF01DF1EEB8006B1C2D /* CollectionHeaderView.swift */ = {isa = PBXFileReference; fileEncoding = 4; lastKnownFileType = sourcecode.swift; path = CollectionHeaderView.swift; sourceTree = "<group>"; };
		0E6CBF0E1DEF5F3200826EA4 /* CollectionViewCustom.xib */ = {isa = PBXFileReference; fileEncoding = 4; lastKnownFileType = file.xib; path = CollectionViewCustom.xib; sourceTree = "<group>"; };
		0E6CBF101DEF5F7D00826EA4 /* CellCollectionViewCustom.xib */ = {isa = PBXFileReference; fileEncoding = 4; lastKnownFileType = file.xib; path = CellCollectionViewCustom.xib; sourceTree = "<group>"; };
		0E6CBF121DEF611D00826EA4 /* CellCollectionViewCustom.swift */ = {isa = PBXFileReference; fileEncoding = 4; lastKnownFileType = sourcecode.swift; path = CellCollectionViewCustom.swift; sourceTree = "<group>"; };
		0E6CBF141DEF617F00826EA4 /* CollectionViewCustom.swift */ = {isa = PBXFileReference; fileEncoding = 4; lastKnownFileType = sourcecode.swift; path = CollectionViewCustom.swift; sourceTree = "<group>"; };
		0E6CBF161DEF712800826EA4 /* SliderMenu.swift */ = {isa = PBXFileReference; fileEncoding = 4; lastKnownFileType = sourcecode.swift; path = SliderMenu.swift; sourceTree = "<group>"; };
		0E6CBF171DEF712800826EA4 /* SliderMenu.xib */ = {isa = PBXFileReference; fileEncoding = 4; lastKnownFileType = file.xib; path = SliderMenu.xib; sourceTree = "<group>"; };
		0E70172B1DE4D09C001636CF /* Dawriyah.app */ = {isa = PBXFileReference; explicitFileType = wrapper.application; includeInIndex = 0; path = Dawriyah.app; sourceTree = BUILT_PRODUCTS_DIR; };
		0E70172E1DE4D09D001636CF /* AppDelegate.swift */ = {isa = PBXFileReference; lastKnownFileType = sourcecode.swift; path = AppDelegate.swift; sourceTree = "<group>"; };
		0E7017301DE4D09D001636CF /* LandingPage.swift */ = {isa = PBXFileReference; lastKnownFileType = sourcecode.swift; path = LandingPage.swift; sourceTree = "<group>"; };
		0E7017331DE4D09D001636CF /* Base */ = {isa = PBXFileReference; lastKnownFileType = file.storyboard; name = Base; path = Base.lproj/Main.storyboard; sourceTree = "<group>"; };
		0E7017351DE4D09D001636CF /* Assets.xcassets */ = {isa = PBXFileReference; lastKnownFileType = folder.assetcatalog; path = Assets.xcassets; sourceTree = "<group>"; };
		0E7017381DE4D09D001636CF /* Base */ = {isa = PBXFileReference; lastKnownFileType = file.storyboard; name = Base; path = Base.lproj/LaunchScreen.storyboard; sourceTree = "<group>"; };
		0E70173A1DE4D09D001636CF /* Info.plist */ = {isa = PBXFileReference; lastKnownFileType = text.plist.xml; path = Info.plist; sourceTree = "<group>"; };
		0E70173F1DE4D09D001636CF /* DawriyahTests.xctest */ = {isa = PBXFileReference; explicitFileType = wrapper.cfbundle; includeInIndex = 0; path = DawriyahTests.xctest; sourceTree = BUILT_PRODUCTS_DIR; };
		0E7017431DE4D09D001636CF /* DawriyahTests.swift */ = {isa = PBXFileReference; lastKnownFileType = sourcecode.swift; path = DawriyahTests.swift; sourceTree = "<group>"; };
		0E7017451DE4D09D001636CF /* Info.plist */ = {isa = PBXFileReference; lastKnownFileType = text.plist.xml; path = Info.plist; sourceTree = "<group>"; };
		0E70174A1DE4D09D001636CF /* DawriyahUITests.xctest */ = {isa = PBXFileReference; explicitFileType = wrapper.cfbundle; includeInIndex = 0; path = DawriyahUITests.xctest; sourceTree = BUILT_PRODUCTS_DIR; };
		0E70174E1DE4D09D001636CF /* DawriyahUITests.swift */ = {isa = PBXFileReference; lastKnownFileType = sourcecode.swift; path = DawriyahUITests.swift; sourceTree = "<group>"; };
		0E7017501DE4D09D001636CF /* Info.plist */ = {isa = PBXFileReference; lastKnownFileType = text.plist.xml; path = Info.plist; sourceTree = "<group>"; };
		0E70175C1DE4DD8D001636CF /* Login.swift */ = {isa = PBXFileReference; fileEncoding = 4; lastKnownFileType = sourcecode.swift; path = Login.swift; sourceTree = "<group>"; };
		0E7885F11DF895D600DB1848 /* AppUtils.swift */ = {isa = PBXFileReference; fileEncoding = 4; lastKnownFileType = sourcecode.swift; path = AppUtils.swift; sourceTree = "<group>"; };
		0E7885F21DF895D600DB1848 /* Constants.swift */ = {isa = PBXFileReference; fileEncoding = 4; lastKnownFileType = sourcecode.swift; path = Constants.swift; sourceTree = "<group>"; };
		0E7885F51DF896D400DB1848 /* Notes */ = {isa = PBXFileReference; fileEncoding = 4; lastKnownFileType = text; path = Notes; sourceTree = "<group>"; };
		0E7957AA1DF0A0A300E929B9 /* CellHome.swift */ = {isa = PBXFileReference; fileEncoding = 4; lastKnownFileType = sourcecode.swift; path = CellHome.swift; sourceTree = "<group>"; };
		0E7957AD1DF0A26800E929B9 /* image1.png */ = {isa = PBXFileReference; lastKnownFileType = image.png; path = image1.png; sourceTree = "<group>"; };
		0E7957AE1DF0A26800E929B9 /* image2.png */ = {isa = PBXFileReference; lastKnownFileType = image.png; path = image2.png; sourceTree = "<group>"; };
		0E7957AF1DF0A26800E929B9 /* image3.png */ = {isa = PBXFileReference; lastKnownFileType = image.png; path = image3.png; sourceTree = "<group>"; };
		0E7957B01DF0A26800E929B9 /* image4.png */ = {isa = PBXFileReference; lastKnownFileType = image.png; path = image4.png; sourceTree = "<group>"; };
		0E7957B11DF0A26800E929B9 /* image5.png */ = {isa = PBXFileReference; lastKnownFileType = image.png; path = image5.png; sourceTree = "<group>"; };
		0E7957B21DF0A26800E929B9 /* image6.png */ = {isa = PBXFileReference; lastKnownFileType = image.png; path = image6.png; sourceTree = "<group>"; };
		0E7957B31DF0A26800E929B9 /* image7.png */ = {isa = PBXFileReference; lastKnownFileType = image.png; path = image7.png; sourceTree = "<group>"; };
		0E7957B41DF0A26800E929B9 /* image8.png */ = {isa = PBXFileReference; lastKnownFileType = image.png; path = image8.png; sourceTree = "<group>"; };
		0E7957BD1DF0BA3400E929B9 /* CellInfo.swift */ = {isa = PBXFileReference; fileEncoding = 4; lastKnownFileType = sourcecode.swift; path = CellInfo.swift; sourceTree = "<group>"; };
		C7153CA91DEE79E2004F0CCE /* FBTwitterPost.swift */ = {isa = PBXFileReference; fileEncoding = 4; lastKnownFileType = sourcecode.swift; path = FBTwitterPost.swift; sourceTree = "<group>"; };
		C7153CAB1DEE7DEA004F0CCE /* FBTwitterPostCell.swift */ = {isa = PBXFileReference; fileEncoding = 4; lastKnownFileType = sourcecode.swift; path = FBTwitterPostCell.swift; sourceTree = "<group>"; };
		C7153CAD1DEE7E98004F0CCE /* social_stripe_avatar@3x.png */ = {isa = PBXFileReference; lastKnownFileType = image.png; path = "social_stripe_avatar@3x.png"; sourceTree = "<group>"; };
		C7153CAF1DEE7E9D004F0CCE /* social_user_avatar@3x.png */ = {isa = PBXFileReference; lastKnownFileType = image.png; path = "social_user_avatar@3x.png"; sourceTree = "<group>"; };
		C747B4C11DF876D200BE0955 /* OfficialMagazineListing.swift */ = {isa = PBXFileReference; fileEncoding = 4; lastKnownFileType = sourcecode.swift; path = OfficialMagazineListing.swift; sourceTree = "<group>"; };
		C747B4C31DF878B500BE0955 /* OfficialMagazineCell.swift */ = {isa = PBXFileReference; fileEncoding = 4; lastKnownFileType = sourcecode.swift; path = OfficialMagazineCell.swift; sourceTree = "<group>"; };
		C747B4C51DF886C200BE0955 /* rating_star_4.png */ = {isa = PBXFileReference; lastKnownFileType = image.png; name = rating_star_4.png; path = SliderImages/rating_star_4.png; sourceTree = "<group>"; };
		C747B4C71DF886F900BE0955 /* magazine_img.png */ = {isa = PBXFileReference; lastKnownFileType = image.png; path = magazine_img.png; sourceTree = "<group>"; };
		C798C20E1DE990CB00C3799C /* NewsListing.swift */ = {isa = PBXFileReference; fileEncoding = 4; lastKnownFileType = sourcecode.swift; path = NewsListing.swift; sourceTree = "<group>"; };
		C798C2101DE994B200C3799C /* CellNewsListing.swift */ = {isa = PBXFileReference; fileEncoding = 4; lastKnownFileType = sourcecode.swift; path = CellNewsListing.swift; sourceTree = "<group>"; };
		C79EFAF91DED2BFB00224FF4 /* GalleryView.swift */ = {isa = PBXFileReference; fileEncoding = 4; lastKnownFileType = sourcecode.swift; path = GalleryView.swift; sourceTree = "<group>"; };
		C79EFAFB1DED2CED00224FF4 /* GalleryViewCell.swift */ = {isa = PBXFileReference; fileEncoding = 4; lastKnownFileType = sourcecode.swift; path = GalleryViewCell.swift; sourceTree = "<group>"; };
		C79EFAFD1DED31DA00224FF4 /* presskit_img@3x.png */ = {isa = PBXFileReference; lastKnownFileType = image.png; path = "presskit_img@3x.png"; sourceTree = "<group>"; };
		C7ADD6C61DF11A9700F1208A /* FBTWProfile.swift */ = {isa = PBXFileReference; fileEncoding = 4; lastKnownFileType = sourcecode.swift; path = FBTWProfile.swift; sourceTree = "<group>"; };
		C7ADD6C81DF1223C00F1208A /* CellComments.swift */ = {isa = PBXFileReference; fileEncoding = 4; lastKnownFileType = sourcecode.swift; path = CellComments.swift; sourceTree = "<group>"; };
		C7C929491DEB19DC00637F01 /* NewsCollectionViewCell.swift */ = {isa = PBXFileReference; fileEncoding = 4; lastKnownFileType = sourcecode.swift; path = NewsCollectionViewCell.swift; sourceTree = "<group>"; };
		C7C9294B1DEB5A8300637F01 /* NewsDetail.swift */ = {isa = PBXFileReference; fileEncoding = 4; lastKnownFileType = sourcecode.swift; path = NewsDetail.swift; sourceTree = "<group>"; };
		C7D8C24A1DFC5FCB004C0A4B /* NewspaperCell.swift */ = {isa = PBXFileReference; fileEncoding = 4; lastKnownFileType = sourcecode.swift; path = NewspaperCell.swift; sourceTree = "<group>"; };
		C7D8C24C1DFC6051004C0A4B /* NewspaperList.swift */ = {isa = PBXFileReference; fileEncoding = 4; lastKnownFileType = sourcecode.swift; path = NewspaperList.swift; sourceTree = "<group>"; };
/* End PBXFileReference section */

/* Begin PBXFrameworksBuildPhase section */
		0E7017281DE4D09C001636CF /* Frameworks */ = {
			isa = PBXFrameworksBuildPhase;
			buildActionMask = 2147483647;
			files = (
			);
			runOnlyForDeploymentPostprocessing = 0;
		};
		0E70173C1DE4D09D001636CF /* Frameworks */ = {
			isa = PBXFrameworksBuildPhase;
			buildActionMask = 2147483647;
			files = (
			);
			runOnlyForDeploymentPostprocessing = 0;
		};
		0E7017471DE4D09D001636CF /* Frameworks */ = {
			isa = PBXFrameworksBuildPhase;
			buildActionMask = 2147483647;
			files = (
			);
			runOnlyForDeploymentPostprocessing = 0;
		};
/* End PBXFrameworksBuildPhase section */

/* Begin PBXGroup section */
		0E18025C1DEA0E6F00EC0C50 /* Media */ = {
			isa = PBXGroup;
			children = (
				0E7957AC1DF0A26800E929B9 /* SliderImages */,
				C7153CAF1DEE7E9D004F0CCE /* social_user_avatar@3x.png */,
				C7153CAD1DEE7E98004F0CCE /* social_stripe_avatar@3x.png */,
				C79EFAFD1DED31DA00224FF4 /* presskit_img@3x.png */,
				0E18025D1DEA0E7700EC0C50 /* SliderImage.png */,
				0E18025F1DEA12FF00EC0C50 /* news_stripe_img.png */,
				C747B4C71DF886F900BE0955 /* magazine_img.png */,
				C747B4C51DF886C200BE0955 /* rating_star_4.png */,
			);
			name = Media;
			sourceTree = "<group>";
		};
		0E2811961DFDE0D400E906E8 /* WebServices */ = {
			isa = PBXGroup;
			children = (
				0E2811981DFDE0D400E906E8 /* UserHandler.swift */,
				0E2811991DFDE0D400E906E8 /* WebServiceHandler.swift */,
			);
			path = WebServices;
			sourceTree = "<group>";
		};
		0E28119D1DFDE11700E906E8 /* ThirdParty */ = {
			isa = PBXGroup;
			children = (
				0E28119E1DFDE11700E906E8 /* AFNetworking */,
				0E2811C61DFDE11800E906E8 /* MBProgressHUD */,
			);
			path = ThirdParty;
			sourceTree = "<group>";
		};
		0E28119E1DFDE11700E906E8 /* AFNetworking */ = {
			isa = PBXGroup;
			children = (
				0E28119F1DFDE11700E906E8 /* AFAutoPurgingImageCache.h */,
				0E2811A01DFDE11700E906E8 /* AFAutoPurgingImageCache.m */,
				0E2811A11DFDE11700E906E8 /* AFHTTPRequestOperation.h */,
				0E2811A21DFDE11700E906E8 /* AFHTTPRequestOperation.m */,
				0E2811A31DFDE11700E906E8 /* AFHTTPRequestOperationManager.h */,
				0E2811A41DFDE11700E906E8 /* AFHTTPRequestOperationManager.m */,
				0E2811A51DFDE11700E906E8 /* AFHTTPSessionManager.h */,
				0E2811A61DFDE11700E906E8 /* AFHTTPSessionManager.m */,
				0E2811A71DFDE11700E906E8 /* AFImageDownloader.h */,
				0E2811A81DFDE11700E906E8 /* AFImageDownloader.m */,
				0E2811A91DFDE11700E906E8 /* AFNetworkActivityIndicatorManager.h */,
				0E2811AA1DFDE11700E906E8 /* AFNetworkActivityIndicatorManager.m */,
				0E2811AB1DFDE11700E906E8 /* AFNetworking.h */,
				0E2811AC1DFDE11700E906E8 /* AFNetworkReachabilityManager.h */,
				0E2811AD1DFDE11700E906E8 /* AFNetworkReachabilityManager.m */,
				0E2811AE1DFDE11700E906E8 /* AFSecurityPolicy.h */,
				0E2811AF1DFDE11700E906E8 /* AFSecurityPolicy.m */,
				0E2811B01DFDE11700E906E8 /* AFURLConnectionOperation.h */,
				0E2811B11DFDE11700E906E8 /* AFURLConnectionOperation.m */,
				0E2811B21DFDE11700E906E8 /* AFURLRequestSerialization.h */,
				0E2811B31DFDE11700E906E8 /* AFURLRequestSerialization.m */,
				0E2811B41DFDE11700E906E8 /* AFURLResponseSerialization.h */,
				0E2811B51DFDE11700E906E8 /* AFURLResponseSerialization.m */,
				0E2811B61DFDE11700E906E8 /* AFURLSessionManager.h */,
				0E2811B71DFDE11700E906E8 /* AFURLSessionManager.m */,
				0E2811B81DFDE11700E906E8 /* UIActivityIndicatorView+AFNetworking.h */,
				0E2811B91DFDE11700E906E8 /* UIActivityIndicatorView+AFNetworking.m */,
				0E2811BA1DFDE11800E906E8 /* UIButton+AFNetworking.h */,
				0E2811BB1DFDE11800E906E8 /* UIButton+AFNetworking.m */,
				0E2811BC1DFDE11800E906E8 /* UIImage+AFNetworking.h */,
				0E2811BD1DFDE11800E906E8 /* UIImageView+AFNetworking.h */,
				0E2811BE1DFDE11800E906E8 /* UIImageView+AFNetworking.m */,
				0E2811BF1DFDE11800E906E8 /* UIKit+AFNetworking.h */,
				0E2811C01DFDE11800E906E8 /* UIProgressView+AFNetworking.h */,
				0E2811C11DFDE11800E906E8 /* UIProgressView+AFNetworking.m */,
				0E2811C21DFDE11800E906E8 /* UIRefreshControl+AFNetworking.h */,
				0E2811C31DFDE11800E906E8 /* UIRefreshControl+AFNetworking.m */,
				0E2811C41DFDE11800E906E8 /* UIWebView+AFNetworking.h */,
				0E2811C51DFDE11800E906E8 /* UIWebView+AFNetworking.m */,
			);
			path = AFNetworking;
			sourceTree = "<group>";
		};
		0E2811C61DFDE11800E906E8 /* MBProgressHUD */ = {
			isa = PBXGroup;
			children = (
				0E2811C71DFDE11800E906E8 /* MBProgressHUD.h */,
				0E2811C81DFDE11800E906E8 /* MBProgressHUD.m */,
			);
			path = MBProgressHUD;
			sourceTree = "<group>";
		};
		0E6CBF0D1DEF5F0500826EA4 /* CustomClasses */ = {
			isa = PBXGroup;
			children = (
				0E6CBF0E1DEF5F3200826EA4 /* CollectionViewCustom.xib */,
				0E6CBF141DEF617F00826EA4 /* CollectionViewCustom.swift */,
				0E6CBF101DEF5F7D00826EA4 /* CellCollectionViewCustom.xib */,
				0E6CBF121DEF611D00826EA4 /* CellCollectionViewCustom.swift */,
				0E6CBF161DEF712800826EA4 /* SliderMenu.swift */,
				0E6CBF171DEF712800826EA4 /* SliderMenu.xib */,
			);
			path = CustomClasses;
			sourceTree = "<group>";
		};
		0E7017221DE4D09C001636CF = {
			isa = PBXGroup;
			children = (
				0E70172D1DE4D09D001636CF /* Dawriyah */,
				0E7017421DE4D09D001636CF /* DawriyahTests */,
				0E70174D1DE4D09D001636CF /* DawriyahUITests */,
				0E70172C1DE4D09D001636CF /* Products */,
			);
			sourceTree = "<group>";
		};
		0E70172C1DE4D09D001636CF /* Products */ = {
			isa = PBXGroup;
			children = (
				0E70172B1DE4D09C001636CF /* Dawriyah.app */,
				0E70173F1DE4D09D001636CF /* DawriyahTests.xctest */,
				0E70174A1DE4D09D001636CF /* DawriyahUITests.xctest */,
			);
			name = Products;
			sourceTree = "<group>";
		};
		0E70172D1DE4D09D001636CF /* Dawriyah */ = {
			isa = PBXGroup;
			children = (
				0E7885F51DF896D400DB1848 /* Notes */,
				0E70172E1DE4D09D001636CF /* AppDelegate.swift */,
				0E1AFD8D1DE6216E00F13606 /* SuperViewController.swift */,
				0E7017301DE4D09D001636CF /* LandingPage.swift */,
				0E70175C1DE4DD8D001636CF /* Login.swift */,
				0E1AFD8F1DE62C8A00F13606 /* SignUp.swift */,
				0E1AFD911DE6474000F13606 /* CellSignUp.swift */,
				0E18025A1DEA085800EC0C50 /* Home.swift */,
				0E7957AA1DF0A0A300E929B9 /* CellHome.swift */,
				0E7957BD1DF0BA3400E929B9 /* CellInfo.swift */,
				0E2811DC1DFDE18000E906E8 /* Dawriyah-Bridging-Header.h */,
				0E28119D1DFDE11700E906E8 /* ThirdParty */,
				0E2811961DFDE0D400E906E8 /* WebServices */,
				0E7885F01DF895D600DB1848 /* Constants */,
				0E6CBF0D1DEF5F0500826EA4 /* CustomClasses */,
				0E7017321DE4D09D001636CF /* Main.storyboard */,
				0E7017351DE4D09D001636CF /* Assets.xcassets */,
				0E7017371DE4D09D001636CF /* LaunchScreen.storyboard */,
				0E70173A1DE4D09D001636CF /* Info.plist */,
				0E62AD5B1DF3F5F000E94143 /* Localizable.strings */,
				C798C20E1DE990CB00C3799C /* NewsListing.swift */,
				C798C2101DE994B200C3799C /* CellNewsListing.swift */,
				0E18025C1DEA0E6F00EC0C50 /* Media */,
				C7C929491DEB19DC00637F01 /* NewsCollectionViewCell.swift */,
				C7C9294B1DEB5A8300637F01 /* NewsDetail.swift */,
				0E00304D1E0080D700F65678 /* CellNewsDetail.swift */,
				C79EFAF91DED2BFB00224FF4 /* GalleryView.swift */,
				C79EFAFB1DED2CED00224FF4 /* GalleryViewCell.swift */,
				C7153CA91DEE79E2004F0CCE /* FBTwitterPost.swift */,
				C7153CAB1DEE7DEA004F0CCE /* FBTwitterPostCell.swift */,
				C7ADD6C61DF11A9700F1208A /* FBTWProfile.swift */,
				C7ADD6C81DF1223C00F1208A /* CellComments.swift */,
				0E6CBCF01DF1EEB8006B1C2D /* CollectionHeaderView.swift */,
				C747B4C11DF876D200BE0955 /* OfficialMagazineListing.swift */,
				C747B4C31DF878B500BE0955 /* OfficialMagazineCell.swift */,
				C7D8C24A1DFC5FCB004C0A4B /* NewspaperCell.swift */,
				C7D8C24C1DFC6051004C0A4B /* NewspaperList.swift */,
			);
			path = Dawriyah;
			sourceTree = "<group>";
		};
		0E7017421DE4D09D001636CF /* DawriyahTests */ = {
			isa = PBXGroup;
			children = (
				0E7017431DE4D09D001636CF /* DawriyahTests.swift */,
				0E7017451DE4D09D001636CF /* Info.plist */,
			);
			path = DawriyahTests;
			sourceTree = "<group>";
		};
		0E70174D1DE4D09D001636CF /* DawriyahUITests */ = {
			isa = PBXGroup;
			children = (
				0E70174E1DE4D09D001636CF /* DawriyahUITests.swift */,
				0E7017501DE4D09D001636CF /* Info.plist */,
			);
			path = DawriyahUITests;
			sourceTree = "<group>";
		};
		0E7885F01DF895D600DB1848 /* Constants */ = {
			isa = PBXGroup;
			children = (
				0E7885F11DF895D600DB1848 /* AppUtils.swift */,
				0E7885F21DF895D600DB1848 /* Constants.swift */,
			);
			path = Constants;
			sourceTree = "<group>";
		};
		0E7957AC1DF0A26800E929B9 /* SliderImages */ = {
			isa = PBXGroup;
			children = (
				0E7957AD1DF0A26800E929B9 /* image1.png */,
				0E7957AE1DF0A26800E929B9 /* image2.png */,
				0E7957AF1DF0A26800E929B9 /* image3.png */,
				0E7957B01DF0A26800E929B9 /* image4.png */,
				0E7957B11DF0A26800E929B9 /* image5.png */,
				0E7957B21DF0A26800E929B9 /* image6.png */,
				0E7957B31DF0A26800E929B9 /* image7.png */,
				0E7957B41DF0A26800E929B9 /* image8.png */,
			);
			path = SliderImages;
			sourceTree = "<group>";
		};
/* End PBXGroup section */

/* Begin PBXNativeTarget section */
		0E70172A1DE4D09C001636CF /* Dawriyah */ = {
			isa = PBXNativeTarget;
			buildConfigurationList = 0E7017531DE4D09D001636CF /* Build configuration list for PBXNativeTarget "Dawriyah" */;
			buildPhases = (
				0E7017271DE4D09C001636CF /* Sources */,
				0E7017281DE4D09C001636CF /* Frameworks */,
				0E7017291DE4D09C001636CF /* Resources */,
			);
			buildRules = (
			);
			dependencies = (
			);
			name = Dawriyah;
			productName = Dawriyah;
			productReference = 0E70172B1DE4D09C001636CF /* Dawriyah.app */;
			productType = "com.apple.product-type.application";
		};
		0E70173E1DE4D09D001636CF /* DawriyahTests */ = {
			isa = PBXNativeTarget;
			buildConfigurationList = 0E7017561DE4D09D001636CF /* Build configuration list for PBXNativeTarget "DawriyahTests" */;
			buildPhases = (
				0E70173B1DE4D09D001636CF /* Sources */,
				0E70173C1DE4D09D001636CF /* Frameworks */,
				0E70173D1DE4D09D001636CF /* Resources */,
			);
			buildRules = (
			);
			dependencies = (
				0E7017411DE4D09D001636CF /* PBXTargetDependency */,
			);
			name = DawriyahTests;
			productName = DawriyahTests;
			productReference = 0E70173F1DE4D09D001636CF /* DawriyahTests.xctest */;
			productType = "com.apple.product-type.bundle.unit-test";
		};
		0E7017491DE4D09D001636CF /* DawriyahUITests */ = {
			isa = PBXNativeTarget;
			buildConfigurationList = 0E7017591DE4D09D001636CF /* Build configuration list for PBXNativeTarget "DawriyahUITests" */;
			buildPhases = (
				0E7017461DE4D09D001636CF /* Sources */,
				0E7017471DE4D09D001636CF /* Frameworks */,
				0E7017481DE4D09D001636CF /* Resources */,
			);
			buildRules = (
			);
			dependencies = (
				0E70174C1DE4D09D001636CF /* PBXTargetDependency */,
			);
			name = DawriyahUITests;
			productName = DawriyahUITests;
			productReference = 0E70174A1DE4D09D001636CF /* DawriyahUITests.xctest */;
			productType = "com.apple.product-type.bundle.ui-testing";
		};
/* End PBXNativeTarget section */

/* Begin PBXProject section */
		0E7017231DE4D09C001636CF /* Project object */ = {
			isa = PBXProject;
			attributes = {
				LastSwiftUpdateCheck = 0810;
				LastUpgradeCheck = 0810;
				ORGANIZATIONNAME = MehulS;
				TargetAttributes = {
					0E70172A1DE4D09C001636CF = {
						CreatedOnToolsVersion = 8.1;
						ProvisioningStyle = Automatic;
					};
					0E70173E1DE4D09D001636CF = {
						CreatedOnToolsVersion = 8.1;
						DevelopmentTeam = XQ6EV8ZD5R;
						ProvisioningStyle = Automatic;
						TestTargetID = 0E70172A1DE4D09C001636CF;
					};
					0E7017491DE4D09D001636CF = {
						CreatedOnToolsVersion = 8.1;
						DevelopmentTeam = XQ6EV8ZD5R;
						ProvisioningStyle = Automatic;
						TestTargetID = 0E70172A1DE4D09C001636CF;
					};
				};
			};
			buildConfigurationList = 0E7017261DE4D09C001636CF /* Build configuration list for PBXProject "Dawriyah" */;
			compatibilityVersion = "Xcode 3.2";
			developmentRegion = English;
			hasScannedForEncodings = 0;
			knownRegions = (
				en,
				Base,
				ar,
			);
			mainGroup = 0E7017221DE4D09C001636CF;
			productRefGroup = 0E70172C1DE4D09D001636CF /* Products */;
			projectDirPath = "";
			projectRoot = "";
			targets = (
				0E70172A1DE4D09C001636CF /* Dawriyah */,
				0E70173E1DE4D09D001636CF /* DawriyahTests */,
				0E7017491DE4D09D001636CF /* DawriyahUITests */,
			);
		};
/* End PBXProject section */

/* Begin PBXResourcesBuildPhase section */
		0E7017291DE4D09C001636CF /* Resources */ = {
			isa = PBXResourcesBuildPhase;
			buildActionMask = 2147483647;
			files = (
				C747B4C61DF886C200BE0955 /* rating_star_4.png in Resources */,
				C7153CAE1DEE7E98004F0CCE /* social_stripe_avatar@3x.png in Resources */,
				0E6CBF111DEF5F7D00826EA4 /* CellCollectionViewCustom.xib in Resources */,
				0E6CBF191DEF712800826EA4 /* SliderMenu.xib in Resources */,
				0E7957B61DF0A26800E929B9 /* image2.png in Resources */,
				0E1802601DEA12FF00EC0C50 /* news_stripe_img.png in Resources */,
				0E62AD591DF3F5F000E94143 /* Localizable.strings in Resources */,
				C747B4C81DF886F900BE0955 /* magazine_img.png in Resources */,
				0E7957B91DF0A26800E929B9 /* image5.png in Resources */,
				0E7957B71DF0A26800E929B9 /* image3.png in Resources */,
				0E7957B81DF0A26800E929B9 /* image4.png in Resources */,
				0E7957BA1DF0A26800E929B9 /* image6.png in Resources */,
				0E7957BC1DF0A26800E929B9 /* image8.png in Resources */,
				0E7017391DE4D09D001636CF /* LaunchScreen.storyboard in Resources */,
				0E7017361DE4D09D001636CF /* Assets.xcassets in Resources */,
				0E18025E1DEA0E7700EC0C50 /* SliderImage.png in Resources */,
				C79EFAFE1DED31DA00224FF4 /* presskit_img@3x.png in Resources */,
				C7153CB01DEE7E9D004F0CCE /* social_user_avatar@3x.png in Resources */,
				0E7885F61DF896D400DB1848 /* Notes in Resources */,
				0E7957B51DF0A26800E929B9 /* image1.png in Resources */,
				0E7957BB1DF0A26800E929B9 /* image7.png in Resources */,
				0E7017341DE4D09D001636CF /* Main.storyboard in Resources */,
				0E6CBF0F1DEF5F3200826EA4 /* CollectionViewCustom.xib in Resources */,
			);
			runOnlyForDeploymentPostprocessing = 0;
		};
		0E70173D1DE4D09D001636CF /* Resources */ = {
			isa = PBXResourcesBuildPhase;
			buildActionMask = 2147483647;
			files = (
			);
			runOnlyForDeploymentPostprocessing = 0;
		};
		0E7017481DE4D09D001636CF /* Resources */ = {
			isa = PBXResourcesBuildPhase;
			buildActionMask = 2147483647;
			files = (
			);
			runOnlyForDeploymentPostprocessing = 0;
		};
/* End PBXResourcesBuildPhase section */

/* Begin PBXSourcesBuildPhase section */
		0E7017271DE4D09C001636CF /* Sources */ = {
			isa = PBXSourcesBuildPhase;
			buildActionMask = 2147483647;
			files = (
				C7ADD6C71DF11A9700F1208A /* FBTWProfile.swift in Sources */,
				0E2811D91DFDE11800E906E8 /* UIRefreshControl+AFNetworking.m in Sources */,
				0E2811CF1DFDE11800E906E8 /* AFNetworkReachabilityManager.m in Sources */,
				C798C20F1DE990CB00C3799C /* NewsListing.swift in Sources */,
				0E70175D1DE4DD8D001636CF /* Login.swift in Sources */,
				0E2811CC1DFDE11800E906E8 /* AFHTTPSessionManager.m in Sources */,
				0E00304E1E0080D700F65678 /* CellNewsDetail.swift in Sources */,
				0E2811CE1DFDE11800E906E8 /* AFNetworkActivityIndicatorManager.m in Sources */,
				0E2811DB1DFDE11800E906E8 /* MBProgressHUD.m in Sources */,
				0E2811D51DFDE11800E906E8 /* UIActivityIndicatorView+AFNetworking.m in Sources */,
				0E7885F31DF895D600DB1848 /* AppUtils.swift in Sources */,
				0E2811D71DFDE11800E906E8 /* UIImageView+AFNetworking.m in Sources */,
				0E7017311DE4D09D001636CF /* LandingPage.swift in Sources */,
				C7C9294C1DEB5A8300637F01 /* NewsDetail.swift in Sources */,
				0E2811D31DFDE11800E906E8 /* AFURLResponseSerialization.m in Sources */,
				0E1AFD8E1DE6216E00F13606 /* SuperViewController.swift in Sources */,
				0E18025B1DEA085800EC0C50 /* Home.swift in Sources */,
				0E6CBF151DEF617F00826EA4 /* CollectionViewCustom.swift in Sources */,
				0E1AFD921DE6474000F13606 /* CellSignUp.swift in Sources */,
				0E2811D81DFDE11800E906E8 /* UIProgressView+AFNetworking.m in Sources */,
				C79EFAFA1DED2BFB00224FF4 /* GalleryView.swift in Sources */,
				0E6CBF181DEF712800826EA4 /* SliderMenu.swift in Sources */,
				C7D8C24B1DFC5FCB004C0A4B /* NewspaperCell.swift in Sources */,
				0E70172F1DE4D09D001636CF /* AppDelegate.swift in Sources */,
				0E2811DA1DFDE11800E906E8 /* UIWebView+AFNetworking.m in Sources */,
				0E1AFD901DE62C8A00F13606 /* SignUp.swift in Sources */,
				0E2811D11DFDE11800E906E8 /* AFURLConnectionOperation.m in Sources */,
				C7ADD6C91DF1223C00F1208A /* CellComments.swift in Sources */,
				C798C2111DE994B200C3799C /* CellNewsListing.swift in Sources */,
				0E7957BE1DF0BA3400E929B9 /* CellInfo.swift in Sources */,
				0E2811CD1DFDE11800E906E8 /* AFImageDownloader.m in Sources */,
				0E28119B1DFDE0D400E906E8 /* UserHandler.swift in Sources */,
				0E6CBF131DEF611D00826EA4 /* CellCollectionViewCustom.swift in Sources */,
				0E2811C91DFDE11800E906E8 /* AFAutoPurgingImageCache.m in Sources */,
				C7D8C24D1DFC6051004C0A4B /* NewspaperList.swift in Sources */,
				0E2811D61DFDE11800E906E8 /* UIButton+AFNetworking.m in Sources */,
				C7153CAC1DEE7DEA004F0CCE /* FBTwitterPostCell.swift in Sources */,
				C7C9294A1DEB19DC00637F01 /* NewsCollectionViewCell.swift in Sources */,
				C79EFAFC1DED2CED00224FF4 /* GalleryViewCell.swift in Sources */,
				C747B4C21DF876D200BE0955 /* OfficialMagazineListing.swift in Sources */,
				0E7957AB1DF0A0A300E929B9 /* CellHome.swift in Sources */,
				0E2811D21DFDE11800E906E8 /* AFURLRequestSerialization.m in Sources */,
				0E6CBCF11DF1EEB8006B1C2D /* CollectionHeaderView.swift in Sources */,
				C7153CAA1DEE79E2004F0CCE /* FBTwitterPost.swift in Sources */,
				0E2811D41DFDE11800E906E8 /* AFURLSessionManager.m in Sources */,
				C747B4C41DF878B500BE0955 /* OfficialMagazineCell.swift in Sources */,
				0E7885F41DF895D600DB1848 /* Constants.swift in Sources */,
				0E2811D01DFDE11800E906E8 /* AFSecurityPolicy.m in Sources */,
				0E2811CB1DFDE11800E906E8 /* AFHTTPRequestOperationManager.m in Sources */,
				0E2811CA1DFDE11800E906E8 /* AFHTTPRequestOperation.m in Sources */,
				0E28119C1DFDE0D400E906E8 /* WebServiceHandler.swift in Sources */,
			);
			runOnlyForDeploymentPostprocessing = 0;
		};
		0E70173B1DE4D09D001636CF /* Sources */ = {
			isa = PBXSourcesBuildPhase;
			buildActionMask = 2147483647;
			files = (
				0E7017441DE4D09D001636CF /* DawriyahTests.swift in Sources */,
			);
			runOnlyForDeploymentPostprocessing = 0;
		};
		0E7017461DE4D09D001636CF /* Sources */ = {
			isa = PBXSourcesBuildPhase;
			buildActionMask = 2147483647;
			files = (
				0E70174F1DE4D09D001636CF /* DawriyahUITests.swift in Sources */,
			);
			runOnlyForDeploymentPostprocessing = 0;
		};
/* End PBXSourcesBuildPhase section */

/* Begin PBXTargetDependency section */
		0E7017411DE4D09D001636CF /* PBXTargetDependency */ = {
			isa = PBXTargetDependency;
			target = 0E70172A1DE4D09C001636CF /* Dawriyah */;
			targetProxy = 0E7017401DE4D09D001636CF /* PBXContainerItemProxy */;
		};
		0E70174C1DE4D09D001636CF /* PBXTargetDependency */ = {
			isa = PBXTargetDependency;
			target = 0E70172A1DE4D09C001636CF /* Dawriyah */;
			targetProxy = 0E70174B1DE4D09D001636CF /* PBXContainerItemProxy */;
		};
/* End PBXTargetDependency section */

/* Begin PBXVariantGroup section */
		0E62AD5B1DF3F5F000E94143 /* Localizable.strings */ = {
			isa = PBXVariantGroup;
			children = (
				0E62AD5A1DF3F5F000E94143 /* en */,
				0E62AD5C1DF3F5F800E94143 /* ar */,
			);
			name = Localizable.strings;
			sourceTree = "<group>";
		};
		0E7017321DE4D09D001636CF /* Main.storyboard */ = {
			isa = PBXVariantGroup;
			children = (
				0E7017331DE4D09D001636CF /* Base */,
				0E1802611DEA202900EC0C50 /* ar */,
			);
			name = Main.storyboard;
			sourceTree = "<group>";
		};
		0E7017371DE4D09D001636CF /* LaunchScreen.storyboard */ = {
			isa = PBXVariantGroup;
			children = (
				0E7017381DE4D09D001636CF /* Base */,
				0E1802621DEA202900EC0C50 /* ar */,
			);
			name = LaunchScreen.storyboard;
			sourceTree = "<group>";
		};
/* End PBXVariantGroup section */

/* Begin XCBuildConfiguration section */
		0E7017511DE4D09D001636CF /* Debug */ = {
			isa = XCBuildConfiguration;
			buildSettings = {
				ALWAYS_SEARCH_USER_PATHS = NO;
				CLANG_ANALYZER_LOCALIZABILITY_NONLOCALIZED = YES;
				CLANG_ANALYZER_NONNULL = YES;
				CLANG_CXX_LANGUAGE_STANDARD = "gnu++0x";
				CLANG_CXX_LIBRARY = "libc++";
				CLANG_ENABLE_MODULES = YES;
				CLANG_ENABLE_OBJC_ARC = YES;
				CLANG_WARN_BOOL_CONVERSION = YES;
				CLANG_WARN_CONSTANT_CONVERSION = YES;
				CLANG_WARN_DIRECT_OBJC_ISA_USAGE = YES_ERROR;
				CLANG_WARN_DOCUMENTATION_COMMENTS = YES;
				CLANG_WARN_EMPTY_BODY = YES;
				CLANG_WARN_ENUM_CONVERSION = YES;
				CLANG_WARN_INFINITE_RECURSION = YES;
				CLANG_WARN_INT_CONVERSION = YES;
				CLANG_WARN_OBJC_ROOT_CLASS = YES_ERROR;
				CLANG_WARN_SUSPICIOUS_MOVES = YES;
				CLANG_WARN_UNREACHABLE_CODE = YES;
				CLANG_WARN__DUPLICATE_METHOD_MATCH = YES;
				"CODE_SIGN_IDENTITY[sdk=iphoneos*]" = "iPhone Developer";
				COPY_PHASE_STRIP = NO;
				DEBUG_INFORMATION_FORMAT = dwarf;
				ENABLE_STRICT_OBJC_MSGSEND = YES;
				ENABLE_TESTABILITY = YES;
				GCC_C_LANGUAGE_STANDARD = gnu99;
				GCC_DYNAMIC_NO_PIC = NO;
				GCC_NO_COMMON_BLOCKS = YES;
				GCC_OPTIMIZATION_LEVEL = 0;
				GCC_PREPROCESSOR_DEFINITIONS = (
					"DEBUG=1",
					"$(inherited)",
				);
				GCC_WARN_64_TO_32_BIT_CONVERSION = YES;
				GCC_WARN_ABOUT_RETURN_TYPE = YES_ERROR;
				GCC_WARN_UNDECLARED_SELECTOR = YES;
				GCC_WARN_UNINITIALIZED_AUTOS = YES_AGGRESSIVE;
				GCC_WARN_UNUSED_FUNCTION = YES;
				GCC_WARN_UNUSED_VARIABLE = YES;
				IPHONEOS_DEPLOYMENT_TARGET = 9.0;
				MTL_ENABLE_DEBUG_INFO = YES;
				ONLY_ACTIVE_ARCH = YES;
				SDKROOT = iphoneos;
				SWIFT_ACTIVE_COMPILATION_CONDITIONS = DEBUG;
				SWIFT_OPTIMIZATION_LEVEL = "-Onone";
				TARGETED_DEVICE_FAMILY = "1,2";
			};
			name = Debug;
		};
		0E7017521DE4D09D001636CF /* Release */ = {
			isa = XCBuildConfiguration;
			buildSettings = {
				ALWAYS_SEARCH_USER_PATHS = NO;
				CLANG_ANALYZER_LOCALIZABILITY_NONLOCALIZED = YES;
				CLANG_ANALYZER_NONNULL = YES;
				CLANG_CXX_LANGUAGE_STANDARD = "gnu++0x";
				CLANG_CXX_LIBRARY = "libc++";
				CLANG_ENABLE_MODULES = YES;
				CLANG_ENABLE_OBJC_ARC = YES;
				CLANG_WARN_BOOL_CONVERSION = YES;
				CLANG_WARN_CONSTANT_CONVERSION = YES;
				CLANG_WARN_DIRECT_OBJC_ISA_USAGE = YES_ERROR;
				CLANG_WARN_DOCUMENTATION_COMMENTS = YES;
				CLANG_WARN_EMPTY_BODY = YES;
				CLANG_WARN_ENUM_CONVERSION = YES;
				CLANG_WARN_INFINITE_RECURSION = YES;
				CLANG_WARN_INT_CONVERSION = YES;
				CLANG_WARN_OBJC_ROOT_CLASS = YES_ERROR;
				CLANG_WARN_SUSPICIOUS_MOVES = YES;
				CLANG_WARN_UNREACHABLE_CODE = YES;
				CLANG_WARN__DUPLICATE_METHOD_MATCH = YES;
				"CODE_SIGN_IDENTITY[sdk=iphoneos*]" = "iPhone Developer";
				COPY_PHASE_STRIP = NO;
				DEBUG_INFORMATION_FORMAT = "dwarf-with-dsym";
				ENABLE_NS_ASSERTIONS = NO;
				ENABLE_STRICT_OBJC_MSGSEND = YES;
				GCC_C_LANGUAGE_STANDARD = gnu99;
				GCC_NO_COMMON_BLOCKS = YES;
				GCC_WARN_64_TO_32_BIT_CONVERSION = YES;
				GCC_WARN_ABOUT_RETURN_TYPE = YES_ERROR;
				GCC_WARN_UNDECLARED_SELECTOR = YES;
				GCC_WARN_UNINITIALIZED_AUTOS = YES_AGGRESSIVE;
				GCC_WARN_UNUSED_FUNCTION = YES;
				GCC_WARN_UNUSED_VARIABLE = YES;
				IPHONEOS_DEPLOYMENT_TARGET = 9.0;
				MTL_ENABLE_DEBUG_INFO = NO;
				SDKROOT = iphoneos;
				SWIFT_OPTIMIZATION_LEVEL = "-Owholemodule";
				TARGETED_DEVICE_FAMILY = "1,2";
				VALIDATE_PRODUCT = YES;
			};
			name = Release;
		};
		0E7017541DE4D09D001636CF /* Debug */ = {
			isa = XCBuildConfiguration;
			buildSettings = {
				ASSETCATALOG_COMPILER_APPICON_NAME = AppIcon;
				DEVELOPMENT_TEAM = "";
				INFOPLIST_FILE = Dawriyah/Info.plist;
				IPHONEOS_DEPLOYMENT_TARGET = 9.0;
				LD_RUNPATH_SEARCH_PATHS = "$(inherited) @executable_path/Frameworks";
				PRODUCT_BUNDLE_IDENTIFIER = Sparrow.Dawriyah;
				PRODUCT_NAME = "$(TARGET_NAME)";
				SWIFT_OBJC_BRIDGING_HEADER = "Dawriyah/Dawriyah-Bridging-Header.h";
				SWIFT_VERSION = 3.0;
				TARGETED_DEVICE_FAMILY = 1;
			};
			name = Debug;
		};
		0E7017551DE4D09D001636CF /* Release */ = {
			isa = XCBuildConfiguration;
			buildSettings = {
				ASSETCATALOG_COMPILER_APPICON_NAME = AppIcon;
				DEVELOPMENT_TEAM = "";
				INFOPLIST_FILE = Dawriyah/Info.plist;
				IPHONEOS_DEPLOYMENT_TARGET = 9.0;
				LD_RUNPATH_SEARCH_PATHS = "$(inherited) @executable_path/Frameworks";
				PRODUCT_BUNDLE_IDENTIFIER = Sparrow.Dawriyah;
				PRODUCT_NAME = "$(TARGET_NAME)";
				SWIFT_OBJC_BRIDGING_HEADER = "Dawriyah/Dawriyah-Bridging-Header.h";
				SWIFT_VERSION = 3.0;
				TARGETED_DEVICE_FAMILY = 1;
			};
			name = Release;
		};
		0E7017571DE4D09D001636CF /* Debug */ = {
			isa = XCBuildConfiguration;
			buildSettings = {
				ALWAYS_EMBED_SWIFT_STANDARD_LIBRARIES = YES;
				BUNDLE_LOADER = "$(TEST_HOST)";
				DEVELOPMENT_TEAM = XQ6EV8ZD5R;
				INFOPLIST_FILE = DawriyahTests/Info.plist;
				LD_RUNPATH_SEARCH_PATHS = "$(inherited) @executable_path/Frameworks @loader_path/Frameworks";
				PRODUCT_BUNDLE_IDENTIFIER = Sparrow.DawriyahTests;
				PRODUCT_NAME = "$(TARGET_NAME)";
				SWIFT_VERSION = 3.0;
				TEST_HOST = "$(BUILT_PRODUCTS_DIR)/Dawriyah.app/Dawriyah";
			};
			name = Debug;
		};
		0E7017581DE4D09D001636CF /* Release */ = {
			isa = XCBuildConfiguration;
			buildSettings = {
				ALWAYS_EMBED_SWIFT_STANDARD_LIBRARIES = YES;
				BUNDLE_LOADER = "$(TEST_HOST)";
				DEVELOPMENT_TEAM = XQ6EV8ZD5R;
				INFOPLIST_FILE = DawriyahTests/Info.plist;
				LD_RUNPATH_SEARCH_PATHS = "$(inherited) @executable_path/Frameworks @loader_path/Frameworks";
				PRODUCT_BUNDLE_IDENTIFIER = Sparrow.DawriyahTests;
				PRODUCT_NAME = "$(TARGET_NAME)";
				SWIFT_VERSION = 3.0;
				TEST_HOST = "$(BUILT_PRODUCTS_DIR)/Dawriyah.app/Dawriyah";
			};
			name = Release;
		};
		0E70175A1DE4D09D001636CF /* Debug */ = {
			isa = XCBuildConfiguration;
			buildSettings = {
				ALWAYS_EMBED_SWIFT_STANDARD_LIBRARIES = YES;
				DEVELOPMENT_TEAM = XQ6EV8ZD5R;
				INFOPLIST_FILE = DawriyahUITests/Info.plist;
				LD_RUNPATH_SEARCH_PATHS = "$(inherited) @executable_path/Frameworks @loader_path/Frameworks";
				PRODUCT_BUNDLE_IDENTIFIER = Sparrow.DawriyahUITests;
				PRODUCT_NAME = "$(TARGET_NAME)";
				SWIFT_VERSION = 3.0;
				TEST_TARGET_NAME = Dawriyah;
			};
			name = Debug;
		};
		0E70175B1DE4D09D001636CF /* Release */ = {
			isa = XCBuildConfiguration;
			buildSettings = {
				ALWAYS_EMBED_SWIFT_STANDARD_LIBRARIES = YES;
				DEVELOPMENT_TEAM = XQ6EV8ZD5R;
				INFOPLIST_FILE = DawriyahUITests/Info.plist;
				LD_RUNPATH_SEARCH_PATHS = "$(inherited) @executable_path/Frameworks @loader_path/Frameworks";
				PRODUCT_BUNDLE_IDENTIFIER = Sparrow.DawriyahUITests;
				PRODUCT_NAME = "$(TARGET_NAME)";
				SWIFT_VERSION = 3.0;
				TEST_TARGET_NAME = Dawriyah;
			};
			name = Release;
		};
/* End XCBuildConfiguration section */

/* Begin XCConfigurationList section */
		0E7017261DE4D09C001636CF /* Build configuration list for PBXProject "Dawriyah" */ = {
			isa = XCConfigurationList;
			buildConfigurations = (
				0E7017511DE4D09D001636CF /* Debug */,
				0E7017521DE4D09D001636CF /* Release */,
			);
			defaultConfigurationIsVisible = 0;
			defaultConfigurationName = Release;
		};
		0E7017531DE4D09D001636CF /* Build configuration list for PBXNativeTarget "Dawriyah" */ = {
			isa = XCConfigurationList;
			buildConfigurations = (
				0E7017541DE4D09D001636CF /* Debug */,
				0E7017551DE4D09D001636CF /* Release */,
			);
			defaultConfigurationIsVisible = 0;
			defaultConfigurationName = Release;
		};
		0E7017561DE4D09D001636CF /* Build configuration list for PBXNativeTarget "DawriyahTests" */ = {
			isa = XCConfigurationList;
			buildConfigurations = (
				0E7017571DE4D09D001636CF /* Debug */,
				0E7017581DE4D09D001636CF /* Release */,
			);
			defaultConfigurationIsVisible = 0;
			defaultConfigurationName = Release;
		};
		0E7017591DE4D09D001636CF /* Build configuration list for PBXNativeTarget "DawriyahUITests" */ = {
			isa = XCConfigurationList;
			buildConfigurations = (
				0E70175A1DE4D09D001636CF /* Debug */,
				0E70175B1DE4D09D001636CF /* Release */,
			);
			defaultConfigurationIsVisible = 0;
			defaultConfigurationName = Release;
		};
/* End XCConfigurationList section */
	};
	rootObject = 0E7017231DE4D09C001636CF /* Project object */;
}
